
Microsoft Visual Studio Solution File, Format Version 12.00
# Visual Studio Version 17
VisualStudioVersion = 17.8.34322.80
MinimumVisualStudioVersion = 10.0.40219.1
Project("{FAE04EC0-301F-11D3-BF4B-00C04F79EFBC}") = "MAUI2023SoapConsumer", "MAUI2023SoapConsumer\MAUI2023SoapConsumer.csproj", "{62D58A66-53D5-4737-AB22-238FFD6B4003}"
EndProject
Global
	GlobalSection(SolutionConfigurationPlatforms) = preSolution
		Debug|Any CPU = Debug|Any CPU
		Release|Any CPU = Release|Any CPU
	EndGlobalSection
	GlobalSection(ProjectConfigurationPlatforms) = postSolution
		{62D58A66-53D5-4737-AB22-238FFD6B4003}.Debug|Any CPU.ActiveCfg = Debug|Any CPU
		{62D58A66-53D5-4737-AB22-238FFD6B4003}.Debug|Any CPU.Build.0 = Debug|Any CPU
		{62D58A66-53D5-4737-AB22-238FFD6B4003}.Debug|Any CPU.Deploy.0 = Debug|Any CPU
		{62D58A66-53D5-4737-AB22-238FFD6B4003}.Release|Any CPU.ActiveCfg = Release|Any CPU
		{62D58A66-53D5-4737-AB22-238FFD6B4003}.Release|Any CPU.Build.0 = Release|Any CPU
		{62D58A66-53D5-4737-AB22-238FFD6B4003}.Release|Any CPU.Deploy.0 = Release|Any CPU
	EndGlobalSection
	GlobalSection(SolutionProperties) = preSolution
		HideSolutionNode = FALSE
	EndGlobalSection
	GlobalSection(ExtensibilityGlobals) = postSolution
		SolutionGuid = {0A9C3BB0-11A3-4B65-BD49-5BF28D8B751D}
	EndGlobalSection
EndGlobal
